
Microsoft Visual Studio Solution File, Format Version 12.00
# Visual Studio Version 17
VisualStudioVersion = 17.7.34031.279
MinimumVisualStudioVersion = 10.0.40219.1
Project("{9A19103F-16F7-4668-BE54-9A1E7A4F7556}") = "ChessGamer", "src\ChessGamer\ChessGamer.csproj", "{3CED5934-4F79-402C-BBDF-F4DDFD4225A5}"
EndProject
Project("{9A19103F-16F7-4668-BE54-9A1E7A4F7556}") = "ChessGame.Gui", "src\ChessGame.Gui\ChessGame.Gui.csproj", "{83655C7D-F6F1-4C4C-B272-C2B56B34E926}"
EndProject
Global
	GlobalSection(SolutionConfigurationPlatforms) = preSolution
		Debug|Any CPU = Debug|Any CPU
		Release|Any CPU = Release|Any CPU
	EndGlobalSection
	GlobalSection(ProjectConfigurationPlatforms) = postSolution
		{3CED5934-4F79-402C-BBDF-F4DDFD4225A5}.Debug|Any CPU.ActiveCfg = Debug|Any CPU
		{3CED5934-4F79-402C-BBDF-F4DDFD4225A5}.Debug|Any CPU.Build.0 = Debug|Any CPU
		{3CED5934-4F79-402C-BBDF-F4DDFD4225A5}.Release|Any CPU.ActiveCfg = Release|Any CPU
		{3CED5934-4F79-402C-BBDF-F4DDFD4225A5}.Release|Any CPU.Build.0 = Release|Any CPU
		{83655C7D-F6F1-4C4C-B272-C2B56B34E926}.Debug|Any CPU.ActiveCfg = Debug|Any CPU
		{83655C7D-F6F1-4C4C-B272-C2B56B34E926}.Debug|Any CPU.Build.0 = Debug|Any CPU
		{83655C7D-F6F1-4C4C-B272-C2B56B34E926}.Release|Any CPU.ActiveCfg = Release|Any CPU
		{83655C7D-F6F1-4C4C-B272-C2B56B34E926}.Release|Any CPU.Build.0 = Release|Any CPU
	EndGlobalSection
	GlobalSection(SolutionProperties) = preSolution
		HideSolutionNode = FALSE
	EndGlobalSection
	GlobalSection(ExtensibilityGlobals) = postSolution
		SolutionGuid = {82934007-682A-493D-A78D-B689E91F2C0C}
	EndGlobalSection
EndGlobal
